
Microsoft Visual Studio Solution File, Format Version 12.00
# Visual Studio Version 16
VisualStudioVersion = 16.0.30804.86
MinimumVisualStudioVersion = 10.0.40219.1
Project("{8BC9CEB8-8B4A-11D0-8D11-00A0C91BC942}") = "Example1", "Example1\Example1.vcxproj", "{A9C56923-FE55-4628-A5D1-868EAFCBE6B9}"
EndProject
Project("{8BC9CEB8-8B4A-11D0-8D11-00A0C91BC942}") = "Example2", "Example2\Example2.vcxproj", "{7A627B57-8C83-470A-A4B3-481E86951EA1}"
EndProject
Project("{8BC9CEB8-8B4A-11D0-8D11-00A0C91BC942}") = "Example3", "Example3\Example3.vcxproj", "{8AAE1665-4076-480B-89AC-D45147337C7A}"
EndProject
Project("{8BC9CEB8-8B4A-11D0-8D11-00A0C91BC942}") = "Example4", "Example4\Example4.vcxproj", "{D8588C33-032E-4C20-8CF0-B4B01EDCAACD}"
EndProject
Project("{8BC9CEB8-8B4A-11D0-8D11-00A0C91BC942}") = "SieveOfErathosten", "SieveOfErathosten\SieveOfErathosten.vcxproj", "{663BFBB8-6297-4829-90E5-B513C6F84C70}"
EndProject
Project("{8BC9CEB8-8B4A-11D0-8D11-00A0C91BC942}") = "SieveOfErathosten(Dynamic)", "SieveOfErathosten(Dynamic)\SieveOfErathosten(Dynamic).vcxproj", "{B42D7596-FAA9-48DF-9050-2192B91421D9}"
EndProject
Project("{8BC9CEB8-8B4A-11D0-8D11-00A0C91BC942}") = "task1", "task1\task1.vcxproj", "{E11EF981-0071-40FA-BE45-E3D20A40F3D8}"
EndProject
Project("{8BC9CEB8-8B4A-11D0-8D11-00A0C91BC942}") = "task2", "task2\task2.vcxproj", "{E65E5CFD-7673-4B87-8B9C-E5498894D18E}"
EndProject
Project("{8BC9CEB8-8B4A-11D0-8D11-00A0C91BC942}") = "task3", "task3\task3.vcxproj", "{A1EC844B-9344-4DD8-AE82-BE8FC83A30E7}"
EndProject
Project("{8BC9CEB8-8B4A-11D0-8D11-00A0C91BC942}") = "task4", "task4\task4.vcxproj", "{F6E6849E-5E93-45CF-A522-94E1C31AA566}"
EndProject
Project("{8BC9CEB8-8B4A-11D0-8D11-00A0C91BC942}") = "task5", "task5\task5.vcxproj", "{4B0EF4E4-7C9C-42ED-9763-0A4739801A61}"
EndProject
Project("{8BC9CEB8-8B4A-11D0-8D11-00A0C91BC942}") = "task6", "task6\task6.vcxproj", "{D869987B-0DB8-4796-A73E-164AA44E9D71}"
EndProject
Project("{8BC9CEB8-8B4A-11D0-8D11-00A0C91BC942}") = "task7", "task7\task7.vcxproj", "{8D96EE9D-56CB-42FA-959D-0CE10AAC58EE}"
EndProject
Project("{8BC9CEB8-8B4A-11D0-8D11-00A0C91BC942}") = "task8", "task8\task8.vcxproj", "{ECAF1B02-83E3-409A-A976-2223E2F47966}"
EndProject
Global
	GlobalSection(SolutionConfigurationPlatforms) = preSolution
		Debug|x64 = Debug|x64
		Debug|x86 = Debug|x86
		Release|x64 = Release|x64
		Release|x86 = Release|x86
	EndGlobalSection
	GlobalSection(ProjectConfigurationPlatforms) = postSolution
		{A9C56923-FE55-4628-A5D1-868EAFCBE6B9}.Debug|x64.ActiveCfg = Debug|x64
		{A9C56923-FE55-4628-A5D1-868EAFCBE6B9}.Debug|x64.Build.0 = Debug|x64
		{A9C56923-FE55-4628-A5D1-868EAFCBE6B9}.Debug|x86.ActiveCfg = Debug|Win32
		{A9C56923-FE55-4628-A5D1-868EAFCBE6B9}.Debug|x86.Build.0 = Debug|Win32
		{A9C56923-FE55-4628-A5D1-868EAFCBE6B9}.Release|x64.ActiveCfg = Release|x64
		{A9C56923-FE55-4628-A5D1-868EAFCBE6B9}.Release|x64.Build.0 = Release|x64
		{A9C56923-FE55-4628-A5D1-868EAFCBE6B9}.Release|x86.ActiveCfg = Release|Win32
		{A9C56923-FE55-4628-A5D1-868EAFCBE6B9}.Release|x86.Build.0 = Release|Win32
		{7A627B57-8C83-470A-A4B3-481E86951EA1}.Debug|x64.ActiveCfg = Debug|x64
		{7A627B57-8C83-470A-A4B3-481E86951EA1}.Debug|x64.Build.0 = Debug|x64
		{7A627B57-8C83-470A-A4B3-481E86951EA1}.Debug|x86.ActiveCfg = Debug|Win32
		{7A627B57-8C83-470A-A4B3-481E86951EA1}.Debug|x86.Build.0 = Debug|Win32
		{7A627B57-8C83-470A-A4B3-481E86951EA1}.Release|x64.ActiveCfg = Release|x64
		{7A627B57-8C83-470A-A4B3-481E86951EA1}.Release|x64.Build.0 = Release|x64
		{7A627B57-8C83-470A-A4B3-481E86951EA1}.Release|x86.ActiveCfg = Release|Win32
		{7A627B57-8C83-470A-A4B3-481E86951EA1}.Release|x86.Build.0 = Release|Win32
		{8AAE1665-4076-480B-89AC-D45147337C7A}.Debug|x64.ActiveCfg = Debug|x64
		{8AAE1665-4076-480B-89AC-D45147337C7A}.Debug|x64.Build.0 = Debug|x64
		{8AAE1665-4076-480B-89AC-D45147337C7A}.Debug|x86.ActiveCfg = Debug|Win32
		{8AAE1665-4076-480B-89AC-D45147337C7A}.Debug|x86.Build.0 = Debug|Win32
		{8AAE1665-4076-480B-89AC-D45147337C7A}.Release|x64.ActiveCfg = Release|x64
		{8AAE1665-4076-480B-89AC-D45147337C7A}.Release|x64.Build.0 = Release|x64
		{8AAE1665-4076-480B-89AC-D45147337C7A}.Release|x86.ActiveCfg = Release|Win32
		{8AAE1665-4076-480B-89AC-D45147337C7A}.Release|x86.Build.0 = Release|Win32
		{D8588C33-032E-4C20-8CF0-B4B01EDCAACD}.Debug|x64.ActiveCfg = Debug|x64
		{D8588C33-032E-4C20-8CF0-B4B01EDCAACD}.Debug|x64.Build.0 = Debug|x64
		{D8588C33-032E-4C20-8CF0-B4B01EDCAACD}.Debug|x86.ActiveCfg = Debug|Win32
		{D8588C33-032E-4C20-8CF0-B4B01EDCAACD}.Debug|x86.Build.0 = Debug|Win32
		{D8588C33-032E-4C20-8CF0-B4B01EDCAACD}.Release|x64.ActiveCfg = Release|x64
		{D8588C33-032E-4C20-8CF0-B4B01EDCAACD}.Release|x64.Build.0 = Release|x64
		{D8588C33-032E-4C20-8CF0-B4B01EDCAACD}.Release|x86.ActiveCfg = Release|Win32
		{D8588C33-032E-4C20-8CF0-B4B01EDCAACD}.Release|x86.Build.0 = Release|Win32
		{663BFBB8-6297-4829-90E5-B513C6F84C70}.Debug|x64.ActiveCfg = Debug|x64
		{663BFBB8-6297-4829-90E5-B513C6F84C70}.Debug|x64.Build.0 = Debug|x64
		{663BFBB8-6297-4829-90E5-B513C6F84C70}.Debug|x86.ActiveCfg = Debug|Win32
		{663BFBB8-6297-4829-90E5-B513C6F84C70}.Debug|x86.Build.0 = Debug|Win32
		{663BFBB8-6297-4829-90E5-B513C6F84C70}.Release|x64.ActiveCfg = Release|x64
		{663BFBB8-6297-4829-90E5-B513C6F84C70}.Release|x64.Build.0 = Release|x64
		{663BFBB8-6297-4829-90E5-B513C6F84C70}.Release|x86.ActiveCfg = Release|Win32
		{663BFBB8-6297-4829-90E5-B513C6F84C70}.Release|x86.Build.0 = Release|Win32
		{B42D7596-FAA9-48DF-9050-2192B91421D9}.Debug|x64.ActiveCfg = Debug|x64
		{B42D7596-FAA9-48DF-9050-2192B91421D9}.Debug|x64.Build.0 = Debug|x64
		{B42D7596-FAA9-48DF-9050-2192B91421D9}.Debug|x86.ActiveCfg = Debug|Win32
		{B42D7596-FAA9-48DF-9050-2192B91421D9}.Debug|x86.Build.0 = Debug|Win32
		{B42D7596-FAA9-48DF-9050-2192B91421D9}.Release|x64.ActiveCfg = Release|x64
		{B42D7596-FAA9-48DF-9050-2192B91421D9}.Release|x64.Build.0 = Release|x64
		{B42D7596-FAA9-48DF-9050-2192B91421D9}.Release|x86.ActiveCfg = Release|Win32
		{B42D7596-FAA9-48DF-9050-2192B91421D9}.Release|x86.Build.0 = Release|Win32
		{E11EF981-0071-40FA-BE45-E3D20A40F3D8}.Debug|x64.ActiveCfg = Debug|x64
		{E11EF981-0071-40FA-BE45-E3D20A40F3D8}.Debug|x64.Build.0 = Debug|x64
		{E11EF981-0071-40FA-BE45-E3D20A40F3D8}.Debug|x86.ActiveCfg = Debug|Win32
		{E11EF981-0071-40FA-BE45-E3D20A40F3D8}.Debug|x86.Build.0 = Debug|Win32
		{E11EF981-0071-40FA-BE45-E3D20A40F3D8}.Release|x64.ActiveCfg = Release|x64
		{E11EF981-0071-40FA-BE45-E3D20A40F3D8}.Release|x64.Build.0 = Release|x64
		{E11EF981-0071-40FA-BE45-E3D20A40F3D8}.Release|x86.ActiveCfg = Release|Win32
		{E11EF981-0071-40FA-BE45-E3D20A40F3D8}.Release|x86.Build.0 = Release|Win32
		{E65E5CFD-7673-4B87-8B9C-E5498894D18E}.Debug|x64.ActiveCfg = Debug|x64
		{E65E5CFD-7673-4B87-8B9C-E5498894D18E}.Debug|x64.Build.0 = Debug|x64
		{E65E5CFD-7673-4B87-8B9C-E5498894D18E}.Debug|x86.ActiveCfg = Debug|Win32
		{E65E5CFD-7673-4B87-8B9C-E5498894D18E}.Debug|x86.Build.0 = Debug|Win32
		{E65E5CFD-7673-4B87-8B9C-E5498894D18E}.Release|x64.ActiveCfg = Release|x64
		{E65E5CFD-7673-4B87-8B9C-E5498894D18E}.Release|x64.Build.0 = Release|x64
		{E65E5CFD-7673-4B87-8B9C-E5498894D18E}.Release|x86.ActiveCfg = Release|Win32
		{E65E5CFD-7673-4B87-8B9C-E5498894D18E}.Release|x86.Build.0 = Release|Win32
		{A1EC844B-9344-4DD8-AE82-BE8FC83A30E7}.Debug|x64.ActiveCfg = Debug|x64
		{A1EC844B-9344-4DD8-AE82-BE8FC83A30E7}.Debug|x64.Build.0 = Debug|x64
		{A1EC844B-9344-4DD8-AE82-BE8FC83A30E7}.Debug|x86.ActiveCfg = Debug|Win32
		{A1EC844B-9344-4DD8-AE82-BE8FC83A30E7}.Debug|x86.Build.0 = Debug|Win32
		{A1EC844B-9344-4DD8-AE82-BE8FC83A30E7}.Release|x64.ActiveCfg = Release|x64
		{A1EC844B-9344-4DD8-AE82-BE8FC83A30E7}.Release|x64.Build.0 = Release|x64
		{A1EC844B-9344-4DD8-AE82-BE8FC83A30E7}.Release|x86.ActiveCfg = Release|Win32
		{A1EC844B-9344-4DD8-AE82-BE8FC83A30E7}.Release|x86.Build.0 = Release|Win32
		{F6E6849E-5E93-45CF-A522-94E1C31AA566}.Debug|x64.ActiveCfg = Debug|x64
		{F6E6849E-5E93-45CF-A522-94E1C31AA566}.Debug|x64.Build.0 = Debug|x64
		{F6E6849E-5E93-45CF-A522-94E1C31AA566}.Debug|x86.ActiveCfg = Debug|Win32
		{F6E6849E-5E93-45CF-A522-94E1C31AA566}.Debug|x86.Build.0 = Debug|Win32
		{F6E6849E-5E93-45CF-A522-94E1C31AA566}.Release|x64.ActiveCfg = Release|x64
		{F6E6849E-5E93-45CF-A522-94E1C31AA566}.Release|x64.Build.0 = Release|x64
		{F6E6849E-5E93-45CF-A522-94E1C31AA566}.Release|x86.ActiveCfg = Release|Win32
		{F6E6849E-5E93-45CF-A522-94E1C31AA566}.Release|x86.Build.0 = Release|Win32
		{4B0EF4E4-7C9C-42ED-9763-0A4739801A61}.Debug|x64.ActiveCfg = Debug|x64
		{4B0EF4E4-7C9C-42ED-9763-0A4739801A61}.Debug|x64.Build.0 = Debug|x64
		{4B0EF4E4-7C9C-42ED-9763-0A4739801A61}.Debug|x86.ActiveCfg = Debug|Win32
		{4B0EF4E4-7C9C-42ED-9763-0A4739801A61}.Debug|x86.Build.0 = Debug|Win32
		{4B0EF4E4-7C9C-42ED-9763-0A4739801A61}.Release|x64.ActiveCfg = Release|x64
		{4B0EF4E4-7C9C-42ED-9763-0A4739801A61}.Release|x64.Build.0 = Release|x64
		{4B0EF4E4-7C9C-42ED-9763-0A4739801A61}.Release|x86.ActiveCfg = Release|Win32
		{4B0EF4E4-7C9C-42ED-9763-0A4739801A61}.Release|x86.Build.0 = Release|Win32
		{D869987B-0DB8-4796-A73E-164AA44E9D71}.Debug|x64.ActiveCfg = Debug|x64
		{D869987B-0DB8-4796-A73E-164AA44E9D71}.Debug|x64.Build.0 = Debug|x64
		{D869987B-0DB8-4796-A73E-164AA44E9D71}.Debug|x86.ActiveCfg = Debug|Win32
		{D869987B-0DB8-4796-A73E-164AA44E9D71}.Debug|x86.Build.0 = Debug|Win32
		{D869987B-0DB8-4796-A73E-164AA44E9D71}.Release|x64.ActiveCfg = Release|x64
		{D869987B-0DB8-4796-A73E-164AA44E9D71}.Release|x64.Build.0 = Release|x64
		{D869987B-0DB8-4796-A73E-164AA44E9D71}.Release|x86.ActiveCfg = Release|Win32
		{D869987B-0DB8-4796-A73E-164AA44E9D71}.Release|x86.Build.0 = Release|Win32
		{8D96EE9D-56CB-42FA-959D-0CE10AAC58EE}.Debug|x64.ActiveCfg = Debug|x64
		{8D96EE9D-56CB-42FA-959D-0CE10AAC58EE}.Debug|x64.Build.0 = Debug|x64
		{8D96EE9D-56CB-42FA-959D-0CE10AAC58EE}.Debug|x86.ActiveCfg = Debug|Win32
		{8D96EE9D-56CB-42FA-959D-0CE10AAC58EE}.Debug|x86.Build.0 = Debug|Win32
		{8D96EE9D-56CB-42FA-959D-0CE10AAC58EE}.Release|x64.ActiveCfg = Release|x64
		{8D96EE9D-56CB-42FA-959D-0CE10AAC58EE}.Release|x64.Build.0 = Release|x64
		{8D96EE9D-56CB-42FA-959D-0CE10AAC58EE}.Release|x86.ActiveCfg = Release|Win32
		{8D96EE9D-56CB-42FA-959D-0CE10AAC58EE}.Release|x86.Build.0 = Release|Win32
		{ECAF1B02-83E3-409A-A976-2223E2F47966}.Debug|x64.ActiveCfg = Debug|x64
		{ECAF1B02-83E3-409A-A976-2223E2F47966}.Debug|x64.Build.0 = Debug|x64
		{ECAF1B02-83E3-409A-A976-2223E2F47966}.Debug|x86.ActiveCfg = Debug|Win32
		{ECAF1B02-83E3-409A-A976-2223E2F47966}.Debug|x86.Build.0 = Debug|Win32
		{ECAF1B02-83E3-409A-A976-2223E2F47966}.Release|x64.ActiveCfg = Release|x64
		{ECAF1B02-83E3-409A-A976-2223E2F47966}.Release|x64.Build.0 = Release|x64
		{ECAF1B02-83E3-409A-A976-2223E2F47966}.Release|x86.ActiveCfg = Release|Win32
		{ECAF1B02-83E3-409A-A976-2223E2F47966}.Release|x86.Build.0 = Release|Win32
	EndGlobalSection
	GlobalSection(SolutionProperties) = preSolution
		HideSolutionNode = FALSE
	EndGlobalSection
	GlobalSection(ExtensibilityGlobals) = postSolution
		SolutionGuid = {B38CCB9D-FBA5-4EE9-8950-50871BA075B7}
	EndGlobalSection
EndGlobal
