
Microsoft Visual Studio Solution File, Format Version 12.00
# Visual Studio Version 16
VisualStudioVersion = 16.0.30804.86
MinimumVisualStudioVersion = 10.0.40219.1
Project("{8BC9CEB8-8B4A-11D0-8D11-00A0C91BC942}") = "Task1", "Task1\Task1.vcxproj", "{60DDB4D4-87C1-49B1-8C01-A243CE671EDB}"
EndProject
Project("{8BC9CEB8-8B4A-11D0-8D11-00A0C91BC942}") = "Zadacha2", "Zadacha2\Zadacha2.vcxproj", "{A4F7CCAF-684A-477C-969C-67EE7ABE6D3A}"
EndProject
Global
	GlobalSection(SolutionConfigurationPlatforms) = preSolution
		Debug|x64 = Debug|x64
		Debug|x86 = Debug|x86
		Release|x64 = Release|x64
		Release|x86 = Release|x86
	EndGlobalSection
	GlobalSection(ProjectConfigurationPlatforms) = postSolution
		{60DDB4D4-87C1-49B1-8C01-A243CE671EDB}.Debug|x64.ActiveCfg = Debug|x64
		{60DDB4D4-87C1-49B1-8C01-A243CE671EDB}.Debug|x64.Build.0 = Debug|x64
		{60DDB4D4-87C1-49B1-8C01-A243CE671EDB}.Debug|x86.ActiveCfg = Debug|Win32
		{60DDB4D4-87C1-49B1-8C01-A243CE671EDB}.Debug|x86.Build.0 = Debug|Win32
		{60DDB4D4-87C1-49B1-8C01-A243CE671EDB}.Release|x64.ActiveCfg = Release|x64
		{60DDB4D4-87C1-49B1-8C01-A243CE671EDB}.Release|x64.Build.0 = Release|x64
		{60DDB4D4-87C1-49B1-8C01-A243CE671EDB}.Release|x86.ActiveCfg = Release|Win32
		{60DDB4D4-87C1-49B1-8C01-A243CE671EDB}.Release|x86.Build.0 = Release|Win32
		{A4F7CCAF-684A-477C-969C-67EE7ABE6D3A}.Debug|x64.ActiveCfg = Debug|x64
		{A4F7CCAF-684A-477C-969C-67EE7ABE6D3A}.Debug|x64.Build.0 = Debug|x64
		{A4F7CCAF-684A-477C-969C-67EE7ABE6D3A}.Debug|x86.ActiveCfg = Debug|Win32
		{A4F7CCAF-684A-477C-969C-67EE7ABE6D3A}.Debug|x86.Build.0 = Debug|Win32
		{A4F7CCAF-684A-477C-969C-67EE7ABE6D3A}.Release|x64.ActiveCfg = Release|x64
		{A4F7CCAF-684A-477C-969C-67EE7ABE6D3A}.Release|x64.Build.0 = Release|x64
		{A4F7CCAF-684A-477C-969C-67EE7ABE6D3A}.Release|x86.ActiveCfg = Release|Win32
		{A4F7CCAF-684A-477C-969C-67EE7ABE6D3A}.Release|x86.Build.0 = Release|Win32
	EndGlobalSection
	GlobalSection(SolutionProperties) = preSolution
		HideSolutionNode = FALSE
	EndGlobalSection
	GlobalSection(ExtensibilityGlobals) = postSolution
		SolutionGuid = {C39E4CD1-F9C2-4929-A8F6-090C11291A58}
	EndGlobalSection
EndGlobal
